
Microsoft Visual Studio Solution File, Format Version 12.00
# Visual Studio Version 17
VisualStudioVersion = 17.8.34408.163
MinimumVisualStudioVersion = 10.0.40219.1
Project("{FAE04EC0-301F-11D3-BF4B-00C04F79EFBC}") = "RocketandRoar", "RocketandRoar\RocketandRoar.csproj", "{4312407C-C40C-439A-A950-3A8B09588F48}"
EndProject
Global
	GlobalSection(SolutionConfigurationPlatforms) = preSolution
		Debug|Any CPU = Debug|Any CPU
		Release|Any CPU = Release|Any CPU
	EndGlobalSection
	GlobalSection(ProjectConfigurationPlatforms) = postSolution
		{4312407C-C40C-439A-A950-3A8B09588F48}.Debug|Any CPU.ActiveCfg = Debug|Any CPU
		{4312407C-C40C-439A-A950-3A8B09588F48}.Debug|Any CPU.Build.0 = Debug|Any CPU
		{4312407C-C40C-439A-A950-3A8B09588F48}.Release|Any CPU.ActiveCfg = Release|Any CPU
		{4312407C-C40C-439A-A950-3A8B09588F48}.Release|Any CPU.Build.0 = Release|Any CPU
	EndGlobalSection
	GlobalSection(SolutionProperties) = preSolution
		HideSolutionNode = FALSE
	EndGlobalSection
	GlobalSection(ExtensibilityGlobals) = postSolution
		SolutionGuid = {BF08CA9D-489A-4AF8-B915-5BBB0E03D6EA}
	EndGlobalSection
EndGlobal
